{
  "name": "node-quick-mock",
  "version": "1.1.9",
  "lockfileVersion": 1,
  "requires": true,
  "dependencies": {
    "@types/geojson": {
      "version": "1.0.6",
      "resolved": "https://registry.npmjs.org/@types/geojson/-/geojson-1.0.6.tgz",
      "integrity": "sha512-Xqg/lIZMrUd0VRmSRbCAewtwGZiAk3mEUDvV4op1tGl+LvyPcb/MIOSxTl9z+9+J+R4/vpjiCAT4xeKzH9ji1w==",
      "dev": true
    },
    "@types/node": {
      "version": "10.11.0",
      "resolved": "https://registry.npmjs.org/@types/node/-/node-10.11.0.tgz",
      "integrity": "sha512-R4Dvw6KjSYn/SpvjRchBOwXr14vVVcFXCtnM3f0aLvlJS8a599rrcEoihcP2/+Z/f75E5GNPd4aWM7j1yei9og==",
      "dev": true
    },
    "accepts": {
      "version": "1.3.5",
      "resolved": "https://registry.npmjs.org/accepts/-/accepts-1.3.5.tgz",
      "integrity": "sha1-63d99gEXI6OxTopywIBcjoZ0a9I=",
      "requires": {
        "mime-types": "~2.1.18",
        "negotiator": "0.6.1"
      }
    },
    "array-flatten": {
      "version": "1.1.1",
      "resolved": "https://registry.npmjs.org/array-flatten/-/array-flatten-1.1.1.tgz",
      "integrity": "sha1-ml9pkFGx5wczKPKgCJaLZOopVdI="
    },
    "bluebird": {
      "version": "3.5.2",
      "resolved": "https://registry.npmjs.org/bluebird/-/bluebird-3.5.2.tgz",
      "integrity": "sha512-dhHTWMI7kMx5whMQntl7Vr9C6BvV10lFXDAasnqnrMYhXVCzzk6IO9Fo2L75jXHT07WrOngL1WDXOp+yYS91Yg==",
      "dev": true
    },
    "body-parser": {
      "version": "1.18.3",
      "resolved": "https://registry.npmjs.org/body-parser/-/body-parser-1.18.3.tgz",
      "integrity": "sha1-WykhmP/dVTs6DyDe0FkrlWlVyLQ=",
      "dev": true,
      "requires": {
        "bytes": "3.0.0",
        "content-type": "~1.0.4",
        "debug": "2.6.9",
        "depd": "~1.1.2",
        "http-errors": "~1.6.3",
        "iconv-lite": "0.4.23",
        "on-finished": "~2.3.0",
        "qs": "6.5.2",
        "raw-body": "2.3.3",
        "type-is": "~1.6.16"
      },
      "dependencies": {
        "debug": {
          "version": "2.6.9",
          "resolved": "https://registry.npmjs.org/debug/-/debug-2.6.9.tgz",
          "integrity": "sha512-bC7ElrdJaJnPbAP+1EotYvqZsb3ecl5wi6Bfi6BJTUcNowp6cvspg0jXznRTKDjm/E7AdgFBVeAPVMNcKGsHMA==",
          "dev": true,
          "requires": {
            "ms": "2.0.0"
          }
        },
        "http-errors": {
          "version": "1.6.3",
          "resolved": "http://registry.npmjs.org/http-errors/-/http-errors-1.6.3.tgz",
          "integrity": "sha1-i1VoC7S+KDoLW/TqLjhYC+HZMg0=",
          "dev": true,
          "requires": {
            "depd": "~1.1.2",
            "inherits": "2.0.3",
            "setprototypeof": "1.1.0",
            "statuses": ">= 1.4.0 < 2"
          }
        },
        "ms": {
          "version": "2.0.0",
          "resolved": "https://registry.npmjs.org/ms/-/ms-2.0.0.tgz",
          "integrity": "sha1-VgiurfwAvmwpAd9fmGF4jeDVl8g=",
          "dev": true
        },
        "qs": {
          "version": "6.5.2",
          "resolved": "https://registry.npmjs.org/qs/-/qs-6.5.2.tgz",
          "integrity": "sha512-N5ZAX4/LxJmF+7wN74pUD6qAh9/wnvdQcjq9TZjevvXzSUo7bfmw91saqMjzGS2xq91/odN2dW/WOl7qQHNDGA==",
          "dev": true
        },
        "setprototypeof": {
          "version": "1.1.0",
          "resolved": "https://registry.npmjs.org/setprototypeof/-/setprototypeof-1.1.0.tgz",
          "integrity": "sha512-BvE/TwpZX4FXExxOxZyRGQQv651MSwmWKZGqvmPcRIjDqWub67kTKuIMx43cZZrS/cBBzwBcNDWoFxt2XEFIpQ==",
          "dev": true
        },
        "statuses": {
          "version": "1.5.0",
          "resolved": "https://registry.npmjs.org/statuses/-/statuses-1.5.0.tgz",
          "integrity": "sha1-Fhx9rBd2Wf2YEfQ3cfqZOBR4Yow=",
          "dev": true
        }
      }
    },
    "bytes": {
      "version": "3.0.0",
      "resolved": "https://registry.npmjs.org/bytes/-/bytes-3.0.0.tgz",
      "integrity": "sha1-0ygVQE1olpn4Wk6k+odV3ROpYEg=",
      "dev": true
    },
    "cls-bluebird": {
      "version": "2.1.0",
      "resolved": "https://registry.npmjs.org/cls-bluebird/-/cls-bluebird-2.1.0.tgz",
      "integrity": "sha1-N+8eCAqP+1XC9BZPU28ZGeeWiu4=",
      "dev": true,
      "requires": {
        "is-bluebird": "^1.0.2",
        "shimmer": "^1.1.0"
      }
    },
    "content-disposition": {
      "version": "0.5.2",
      "resolved": "https://registry.npmjs.org/content-disposition/-/content-disposition-0.5.2.tgz",
      "integrity": "sha1-DPaLud318r55YcOoUXjLhdunjLQ="
    },
    "content-type": {
      "version": "1.0.4",
      "resolved": "https://registry.npmjs.org/content-type/-/content-type-1.0.4.tgz",
      "integrity": "sha512-hIP3EEPs8tB9AT1L+NUqtwOAps4mk2Zob89MWXMHjHWg9milF/j4osnnQLXBCBFBk/tvIG/tUc9mOUJiPBhPXA=="
    },
    "cookie": {
      "version": "0.3.1",
      "resolved": "https://registry.npmjs.org/cookie/-/cookie-0.3.1.tgz",
      "integrity": "sha1-5+Ch+e9DtMi6klxcWpboBtFoc7s="
    },
    "cookie-signature": {
      "version": "1.0.6",
      "resolved": "https://registry.npmjs.org/cookie-signature/-/cookie-signature-1.0.6.tgz",
      "integrity": "sha1-4wOogrNCzD7oylE6eZmXNNqzriw="
    },
    "cors": {
      "version": "2.8.5",
      "resolved": "https://registry.npmjs.org/cors/-/cors-2.8.5.tgz",
      "integrity": "sha512-KIHbLJqu73RGr/hnbrO9uBeixNGuvSQjul/jdFvS/KFSIH1hWVd1ng7zOHx+YrEfInLG7q4n6GHQ9cDtxv/P6g==",
      "requires": {
        "object-assign": "^4",
        "vary": "^1"
      }
    },
    "debug": {
      "version": "2.2.0",
      "resolved": "https://registry.npmjs.org/debug/-/debug-2.2.0.tgz",
      "integrity": "sha1-+HBX6ZWxofauaklgZkE3vFbwOdo=",
      "requires": {
        "ms": "0.7.1"
      }
    },
    "depd": {
      "version": "1.1.2",
      "resolved": "https://registry.npmjs.org/depd/-/depd-1.1.2.tgz",
      "integrity": "sha1-m81S4UwJd2PnSbJ0xDRu0uVgtak="
    },
    "destroy": {
      "version": "1.0.4",
      "resolved": "https://registry.npmjs.org/destroy/-/destroy-1.0.4.tgz",
      "integrity": "sha1-l4hXRCxEdJ5CBmE+N5RiBYJqvYA="
    },
    "dottie": {
      "version": "2.0.0",
      "resolved": "https://registry.npmjs.org/dottie/-/dottie-2.0.0.tgz",
      "integrity": "sha1-2hkZgci41xPKARXViYzzl8Lw3dA=",
      "dev": true
    },
    "ee-first": {
      "version": "1.1.1",
      "resolved": "https://registry.npmjs.org/ee-first/-/ee-first-1.1.1.tgz",
      "integrity": "sha1-WQxhFWsK4vTwJVcyoViyZrxWsh0="
    },
    "ejs": {
      "version": "2.6.1",
      "resolved": "https://registry.npmjs.org/ejs/-/ejs-2.6.1.tgz",
      "integrity": "sha512-0xy4A/twfrRCnkhfk8ErDi5DqdAsAqeGxht4xkCUrsvhhbQNs7E+4jV0CN7+NKIY0aHE72+XvqtBIXzD31ZbXQ=="
    },
    "encodeurl": {
      "version": "1.0.2",
      "resolved": "https://registry.npmjs.org/encodeurl/-/encodeurl-1.0.2.tgz",
      "integrity": "sha1-rT/0yG7C0CkyL1oCw6mmBslbP1k="
    },
    "escape-html": {
      "version": "1.0.3",
      "resolved": "https://registry.npmjs.org/escape-html/-/escape-html-1.0.3.tgz",
      "integrity": "sha1-Aljq5NPQwJdN4cFpGI7wBR0dGYg="
    },
    "etag": {
      "version": "1.7.0",
      "resolved": "https://registry.npmjs.org/etag/-/etag-1.7.0.tgz",
      "integrity": "sha1-A9MLX2fdbmMtKUXTDWZScxo01dg="
    },
    "express": {
      "version": "4.14.1",
      "resolved": "https://registry.npmjs.org/express/-/express-4.14.1.tgz",
      "integrity": "sha1-ZGwjf3ZvFIwhIK/wc4F7nk1+DTM=",
      "requires": {
        "accepts": "~1.3.3",
        "array-flatten": "1.1.1",
        "content-disposition": "0.5.2",
        "content-type": "~1.0.2",
        "cookie": "0.3.1",
        "cookie-signature": "1.0.6",
        "debug": "~2.2.0",
        "depd": "~1.1.0",
        "encodeurl": "~1.0.1",
        "escape-html": "~1.0.3",
        "etag": "~1.7.0",
        "finalhandler": "0.5.1",
        "fresh": "0.3.0",
        "merge-descriptors": "1.0.1",
        "methods": "~1.1.2",
        "on-finished": "~2.3.0",
        "parseurl": "~1.3.1",
        "path-to-regexp": "0.1.7",
        "proxy-addr": "~1.1.3",
        "qs": "6.2.0",
        "range-parser": "~1.2.0",
        "send": "0.14.2",
        "serve-static": "~1.11.2",
        "type-is": "~1.6.14",
        "utils-merge": "1.0.0",
        "vary": "~1.1.0"
      }
    },
    "express-partials": {
      "version": "0.3.0",
      "resolved": "https://registry.npmjs.org/express-partials/-/express-partials-0.3.0.tgz",
      "integrity": "sha1-iLnEAWSv2aVSeGKbKUjmrOe/9F8="
    },
    "finalhandler": {
      "version": "0.5.1",
      "resolved": "https://registry.npmjs.org/finalhandler/-/finalhandler-0.5.1.tgz",
      "integrity": "sha1-LEANjUUwk1vCMlScX6OF7Afeb80=",
      "requires": {
        "debug": "~2.2.0",
        "escape-html": "~1.0.3",
        "on-finished": "~2.3.0",
        "statuses": "~1.3.1",
        "unpipe": "~1.0.0"
      }
    },
    "forwarded": {
      "version": "0.1.2",
      "resolved": "https://registry.npmjs.org/forwarded/-/forwarded-0.1.2.tgz",
      "integrity": "sha1-mMI9qxF1ZXuMBXPozszZGw/xjIQ="
    },
    "fresh": {
      "version": "0.3.0",
      "resolved": "https://registry.npmjs.org/fresh/-/fresh-0.3.0.tgz",
      "integrity": "sha1-ZR+DjiJCTnVm3hYdg1jKoZn4PU8="
    },
    "generic-pool": {
      "version": "3.4.2",
      "resolved": "https://registry.npmjs.org/generic-pool/-/generic-pool-3.4.2.tgz",
      "integrity": "sha512-H7cUpwCQSiJmAHM4c/aFu6fUfrhWXW1ncyh8ftxEPMu6AiYkHw9K8br720TGPZJbk5eOH2bynjZD1yPvdDAmag==",
      "dev": true
    },
    "http-errors": {
      "version": "1.5.1",
      "resolved": "http://registry.npmjs.org/http-errors/-/http-errors-1.5.1.tgz",
      "integrity": "sha1-eIwNLB3iyBuebowBhDtrl+uSB1A=",
      "requires": {
        "inherits": "2.0.3",
        "setprototypeof": "1.0.2",
        "statuses": ">= 1.3.1 < 2"
      }
    },
    "iconv-lite": {
      "version": "0.4.23",
      "resolved": "https://registry.npmjs.org/iconv-lite/-/iconv-lite-0.4.23.tgz",
      "integrity": "sha512-neyTUVFtahjf0mB3dZT77u+8O0QB89jFdnBkd5P1JgYPbPaia3gXXOVL2fq8VyU2gMMD7SaN7QukTB/pmXYvDA==",
      "dev": true,
      "requires": {
        "safer-buffer": ">= 2.1.2 < 3"
      }
    },
    "inflection": {
      "version": "1.12.0",
      "resolved": "https://registry.npmjs.org/inflection/-/inflection-1.12.0.tgz",
      "integrity": "sha1-ogCTVlbW9fa8TcdQLhrstwMihBY=",
      "dev": true
    },
    "inherits": {
      "version": "2.0.3",
      "resolved": "https://registry.npmjs.org/inherits/-/inherits-2.0.3.tgz",
      "integrity": "sha1-Yzwsg+PaQqUC9SRmAiSA9CCCYd4="
    },
    "ipaddr.js": {
      "version": "1.4.0",
      "resolved": "https://registry.npmjs.org/ipaddr.js/-/ipaddr.js-1.4.0.tgz",
      "integrity": "sha1-KWrKh4qCGBbluF0KKFqZvP9FgvA="
    },
    "is-bluebird": {
      "version": "1.0.2",
      "resolved": "https://registry.npmjs.org/is-bluebird/-/is-bluebird-1.0.2.tgz",
      "integrity": "sha1-CWQ5Bg9KpBGr7hkUOoTWpVNG1uI=",
      "dev": true
    },
    "lodash": {
      "version": "4.17.11",
      "resolved": "https://registry.npmjs.org/lodash/-/lodash-4.17.11.tgz",
      "integrity": "sha512-cQKh8igo5QUhZ7lg38DYWAxMvjSAKG0A8wGSVimP07SIUEK2UO+arSRKbRZWtelMtN5V0Hkwh5ryOto/SshYIg==",
      "dev": true
    },
    "media-typer": {
      "version": "0.3.0",
      "resolved": "https://registry.npmjs.org/media-typer/-/media-typer-0.3.0.tgz",
      "integrity": "sha1-hxDXrwqmJvj/+hzgAWhUUmMlV0g="
    },
    "merge-descriptors": {
      "version": "1.0.1",
      "resolved": "https://registry.npmjs.org/merge-descriptors/-/merge-descriptors-1.0.1.tgz",
      "integrity": "sha1-sAqqVW3YtEVoFQ7J0blT8/kMu2E="
    },
    "methods": {
      "version": "1.1.2",
      "resolved": "https://registry.npmjs.org/methods/-/methods-1.1.2.tgz",
      "integrity": "sha1-VSmk1nZUE07cxSZmVoNbD4Ua/O4="
    },
    "mime": {
      "version": "1.3.4",
      "resolved": "https://registry.npmjs.org/mime/-/mime-1.3.4.tgz",
      "integrity": "sha1-EV+eO2s9rylZmDyzjxSaLUDrXVM="
    },
    "mime-db": {
      "version": "1.36.0",
      "resolved": "https://registry.npmjs.org/mime-db/-/mime-db-1.36.0.tgz",
      "integrity": "sha512-L+xvyD9MkoYMXb1jAmzI/lWYAxAMCPvIBSWur0PZ5nOf5euahRLVqH//FKW9mWp2lkqUgYiXPgkzfMUFi4zVDw=="
    },
    "mime-types": {
      "version": "2.1.20",
      "resolved": "https://registry.npmjs.org/mime-types/-/mime-types-2.1.20.tgz",
      "integrity": "sha512-HrkrPaP9vGuWbLK1B1FfgAkbqNjIuy4eHlIYnFi7kamZyLLrGlo2mpcx0bBmNpKqBtYtAfGbodDddIgddSJC2A==",
      "requires": {
        "mime-db": "~1.36.0"
      }
    },
    "moment": {
      "version": "2.29.4",
      "resolved": "https://registry.npmjs.org/moment/-/moment-2.29.4.tgz",
      "integrity": "sha512-5LC9SOxjSc2HF6vO2CyuTDNivEdoz2IvyJJGj6X8DJ0eFyfszE0QiEd+iXmBvUP3WHxSjFH/vIsA0EN00cgr8w==",
      "dev": true
    },
    "moment-timezone": {
      "version": "0.5.21",
      "resolved": "https://registry.npmjs.org/moment-timezone/-/moment-timezone-0.5.21.tgz",
      "integrity": "sha512-j96bAh4otsgj3lKydm3K7kdtA3iKf2m6MY2iSYCzCm5a1zmHo1g+aK3068dDEeocLZQIS9kU8bsdQHLqEvgW0A==",
      "dev": true,
      "requires": {
        "moment": ">= 2.9.0"
      }
    },
    "ms": {
      "version": "0.7.1",
      "resolved": "https://registry.npmjs.org/ms/-/ms-0.7.1.tgz",
      "integrity": "sha1-nNE8A62/8ltl7/3nzoZO6VIBcJg="
    },
    "nan": {
      "version": "2.7.0",
      "resolved": "https://registry.npmjs.org/nan/-/nan-2.7.0.tgz",
      "integrity": "sha1-2Vv3IeyHfgjbJ27T/G63j5CDrUY=",
      "dev": true
    },
    "negotiator": {
      "version": "0.6.1",
      "resolved": "https://registry.npmjs.org/negotiator/-/negotiator-0.6.1.tgz",
      "integrity": "sha1-KzJxhOiZIQEXeyhWP7XnECrNDKk="
    },
    "object-assign": {
      "version": "4.1.1",
      "resolved": "https://registry.npmjs.org/object-assign/-/object-assign-4.1.1.tgz",
      "integrity": "sha512-rJgTQnkUnH1sFw8yT6VSU3zD3sWmu6sZhIseY8VX+GRu3P6F7Fu+JNDoXfklElbLJSnc3FUQHVe4cU5hj+BcUg=="
    },
    "on-finished": {
      "version": "2.3.0",
      "resolved": "https://registry.npmjs.org/on-finished/-/on-finished-2.3.0.tgz",
      "integrity": "sha1-IPEzZIGwg811M3mSoWlxqi2QaUc=",
      "requires": {
        "ee-first": "1.1.1"
      }
    },
    "parseurl": {
      "version": "1.3.2",
      "resolved": "https://registry.npmjs.org/parseurl/-/parseurl-1.3.2.tgz",
      "integrity": "sha1-/CidTtiZMRlGDBViUyYs3I3mW/M="
    },
    "path-to-regexp": {
      "version": "0.1.7",
      "resolved": "https://registry.npmjs.org/path-to-regexp/-/path-to-regexp-0.1.7.tgz",
      "integrity": "sha1-32BBeABfUi8V60SQ5yR6G/qmf4w="
    },
    "proxy-addr": {
      "version": "1.1.5",
      "resolved": "https://registry.npmjs.org/proxy-addr/-/proxy-addr-1.1.5.tgz",
      "integrity": "sha1-ccDuOxAt4/IC87ZPYI0XP8uhqRg=",
      "requires": {
        "forwarded": "~0.1.0",
        "ipaddr.js": "1.4.0"
      }
    },
    "qs": {
      "version": "6.2.0",
      "resolved": "https://registry.npmjs.org/qs/-/qs-6.2.0.tgz",
      "integrity": "sha1-O3hIwDwt7OaalSKw+ujEEm10Xzs="
    },
    "range-parser": {
      "version": "1.2.0",
      "resolved": "https://registry.npmjs.org/range-parser/-/range-parser-1.2.0.tgz",
      "integrity": "sha1-9JvmtIeJTdxA3MlKMi9hEJLgDV4="
    },
    "raw-body": {
      "version": "2.3.3",
      "resolved": "https://registry.npmjs.org/raw-body/-/raw-body-2.3.3.tgz",
      "integrity": "sha512-9esiElv1BrZoI3rCDuOuKCBRbuApGGaDPQfjSflGxdy4oyzqghxu6klEkkVIvBje+FF0BX9coEv8KqW6X/7njw==",
      "dev": true,
      "requires": {
        "bytes": "3.0.0",
        "http-errors": "1.6.3",
        "iconv-lite": "0.4.23",
        "unpipe": "1.0.0"
      },
      "dependencies": {
        "http-errors": {
          "version": "1.6.3",
          "resolved": "http://registry.npmjs.org/http-errors/-/http-errors-1.6.3.tgz",
          "integrity": "sha1-i1VoC7S+KDoLW/TqLjhYC+HZMg0=",
          "dev": true,
          "requires": {
            "depd": "~1.1.2",
            "inherits": "2.0.3",
            "setprototypeof": "1.1.0",
            "statuses": ">= 1.4.0 < 2"
          }
        },
        "setprototypeof": {
          "version": "1.1.0",
          "resolved": "https://registry.npmjs.org/setprototypeof/-/setprototypeof-1.1.0.tgz",
          "integrity": "sha512-BvE/TwpZX4FXExxOxZyRGQQv651MSwmWKZGqvmPcRIjDqWub67kTKuIMx43cZZrS/cBBzwBcNDWoFxt2XEFIpQ==",
          "dev": true
        },
        "statuses": {
          "version": "1.5.0",
          "resolved": "https://registry.npmjs.org/statuses/-/statuses-1.5.0.tgz",
          "integrity": "sha1-Fhx9rBd2Wf2YEfQ3cfqZOBR4Yow=",
          "dev": true
        }
      }
    },
    "retry-as-promised": {
      "version": "2.3.2",
      "resolved": "https://registry.npmjs.org/retry-as-promised/-/retry-as-promised-2.3.2.tgz",
      "integrity": "sha1-zZdO5P2bX+A8vzGHHuSCIcB3N7c=",
      "dev": true,
      "requires": {
        "bluebird": "^3.4.6",
        "debug": "^2.6.9"
      },
      "dependencies": {
        "debug": {
          "version": "2.6.9",
          "resolved": "https://registry.npmjs.org/debug/-/debug-2.6.9.tgz",
          "integrity": "sha512-bC7ElrdJaJnPbAP+1EotYvqZsb3ecl5wi6Bfi6BJTUcNowp6cvspg0jXznRTKDjm/E7AdgFBVeAPVMNcKGsHMA==",
          "dev": true,
          "requires": {
            "ms": "2.0.0"
          }
        },
        "ms": {
          "version": "2.0.0",
          "resolved": "https://registry.npmjs.org/ms/-/ms-2.0.0.tgz",
          "integrity": "sha1-VgiurfwAvmwpAd9fmGF4jeDVl8g=",
          "dev": true
        }
      }
    },
    "safer-buffer": {
      "version": "2.1.2",
      "resolved": "https://registry.npmjs.org/safer-buffer/-/safer-buffer-2.1.2.tgz",
      "integrity": "sha512-YZo3K82SD7Riyi0E1EQPojLz7kpepnSQI9IyPbHHg1XXXevb5dJI7tpyN2ADxGcQbHG7vcyRHk0cbwqcQriUtg==",
      "dev": true
    },
    "semver": {
      "version": "5.5.1",
      "resolved": "https://registry.npmjs.org/semver/-/semver-5.5.1.tgz",
      "integrity": "sha512-PqpAxfrEhlSUWge8dwIp4tZnQ25DIOthpiaHNIthsjEFQD6EvqUKUDM7L8O2rShkFccYo1VjJR0coWfNkCubRw==",
      "dev": true
    },
    "send": {
      "version": "0.14.2",
      "resolved": "https://registry.npmjs.org/send/-/send-0.14.2.tgz",
      "integrity": "sha1-ObBDiz9RC+Xcb2Z6EfcWiTaM3u8=",
      "requires": {
        "debug": "~2.2.0",
        "depd": "~1.1.0",
        "destroy": "~1.0.4",
        "encodeurl": "~1.0.1",
        "escape-html": "~1.0.3",
        "etag": "~1.7.0",
        "fresh": "0.3.0",
        "http-errors": "~1.5.1",
        "mime": "1.3.4",
        "ms": "0.7.2",
        "on-finished": "~2.3.0",
        "range-parser": "~1.2.0",
        "statuses": "~1.3.1"
      },
      "dependencies": {
        "ms": {
          "version": "0.7.2",
          "resolved": "https://registry.npmjs.org/ms/-/ms-0.7.2.tgz",
          "integrity": "sha1-riXPJRKziFodldfwN4aNhDESR2U="
        }
      }
    },
    "sequelize": {
      "version": "4.39.0",
      "resolved": "https://registry.npmjs.org/sequelize/-/sequelize-4.39.0.tgz",
      "integrity": "sha512-Rra0b81fzNqGLFJEDCsLxWGCDkmscjSsWV25nTrhd4LAk2qWh4I6Qj1iP+2K58ovRmt0QMkt5LNUEpPHZU6njQ==",
      "dev": true,
      "requires": {
        "bluebird": "^3.5.0",
        "cls-bluebird": "^2.1.0",
        "debug": "^3.1.0",
        "depd": "^1.1.0",
        "dottie": "^2.0.0",
        "generic-pool": "^3.4.0",
        "inflection": "1.12.0",
        "lodash": "^4.17.1",
        "moment": "^2.20.0",
        "moment-timezone": "^0.5.14",
        "retry-as-promised": "^2.3.2",
        "semver": "^5.5.0",
        "terraformer-wkt-parser": "^1.1.2",
        "toposort-class": "^1.0.1",
        "uuid": "^3.2.1",
        "validator": "^10.4.0",
        "wkx": "^0.4.1"
      },
      "dependencies": {
        "debug": {
          "version": "3.2.5",
          "resolved": "https://registry.npmjs.org/debug/-/debug-3.2.5.tgz",
          "integrity": "sha512-D61LaDQPQkxJ5AUM2mbSJRbPkNs/TmdmOeLAi1hgDkpDfIfetSrjmWhccwtuResSwMbACjx/xXQofvM9CE/aeg==",
          "dev": true,
          "requires": {
            "ms": "^2.1.1"
          }
        },
        "ms": {
          "version": "2.1.1",
          "resolved": "https://registry.npmjs.org/ms/-/ms-2.1.1.tgz",
          "integrity": "sha512-tgp+dl5cGk28utYktBsrFqA7HKgrhgPsg6Z/EfhWI4gl1Hwq8B/GmY/0oXZ6nF8hDVesS/FpnYaD/kOWhYQvyg==",
          "dev": true
        }
      }
    },
    "serve-static": {
      "version": "1.11.2",
      "resolved": "https://registry.npmjs.org/serve-static/-/serve-static-1.11.2.tgz",
      "integrity": "sha1-LPmIm9RDWjIMw2iVyapXvWYuasc=",
      "requires": {
        "encodeurl": "~1.0.1",
        "escape-html": "~1.0.3",
        "parseurl": "~1.3.1",
        "send": "0.14.2"
      }
    },
    "setprototypeof": {
      "version": "1.0.2",
      "resolved": "https://registry.npmjs.org/setprototypeof/-/setprototypeof-1.0.2.tgz",
      "integrity": "sha1-gaVSFB7BBLiOic44MQOtXGZWTQg="
    },
    "shimmer": {
      "version": "1.2.0",
      "resolved": "https://registry.npmjs.org/shimmer/-/shimmer-1.2.0.tgz",
      "integrity": "sha512-xTCx2vohXC2EWWDqY/zb4+5Mu28D+HYNSOuFzsyRDRvI/e1ICb69afwaUwfjr+25ZXldbOLyp+iDUZHq8UnTag==",
      "dev": true
    },
    "sqlite3": {
      "version": "3.1.13",
      "resolved": "https://registry.npmjs.org/sqlite3/-/sqlite3-3.1.13.tgz",
      "integrity": "sha512-JxXKPJnkZ6NuHRojq+g2WXWBt3M1G9sjZaYiHEWSTGijDM3cwju/0T2XbWqMXFmPqDgw+iB7zKQvnns4bvzXlw==",
      "dev": true,
      "requires": {
        "nan": "~2.7.0",
        "node-pre-gyp": "~0.6.38"
      },
      "dependencies": {
        "abbrev": {
          "version": "1.1.1",
          "bundled": true,
          "dev": true
        },
        "ajv": {
          "version": "4.11.8",
          "bundled": true,
          "dev": true,
          "requires": {
            "co": "^4.6.0",
            "json-stable-stringify": "^1.0.1"
          }
        },
        "ansi-regex": {
          "version": "2.1.1",
          "bundled": true,
          "dev": true
        },
        "aproba": {
          "version": "1.2.0",
          "bundled": true,
          "dev": true
        },
        "are-we-there-yet": {
          "version": "1.1.4",
          "bundled": true,
          "dev": true,
          "requires": {
            "delegates": "^1.0.0",
            "readable-stream": "^2.0.6"
          }
        },
        "asn1": {
          "version": "0.2.3",
          "bundled": true,
          "dev": true
        },
        "assert-plus": {
          "version": "0.2.0",
          "bundled": true,
          "dev": true
        },
        "asynckit": {
          "version": "0.4.0",
          "bundled": true,
          "dev": true
        },
        "aws-sign2": {
          "version": "0.6.0",
          "bundled": true,
          "dev": true
        },
        "aws4": {
          "version": "1.6.0",
          "bundled": true,
          "dev": true
        },
        "balanced-match": {
          "version": "1.0.0",
          "bundled": true,
          "dev": true
        },
        "bcrypt-pbkdf": {
          "version": "1.0.1",
          "bundled": true,
          "dev": true,
          "optional": true,
          "requires": {
            "tweetnacl": "^0.14.3"
          }
        },
        "block-stream": {
          "version": "0.0.9",
          "bundled": true,
          "dev": true,
          "requires": {
            "inherits": "~2.0.0"
          }
        },
        "boom": {
          "version": "2.10.1",
          "bundled": true,
          "dev": true,
          "requires": {
            "hoek": "2.x.x"
          }
        },
        "brace-expansion": {
          "version": "1.1.8",
          "bundled": true,
          "dev": true,
          "requires": {
            "balanced-match": "^1.0.0",
            "concat-map": "0.0.1"
          }
        },
        "caseless": {
          "version": "0.12.0",
          "bundled": true,
          "dev": true
        },
        "co": {
          "version": "4.6.0",
          "bundled": true,
          "dev": true
        },
        "code-point-at": {
          "version": "1.1.0",
          "bundled": true,
          "dev": true
        },
        "combined-stream": {
          "version": "1.0.5",
          "bundled": true,
          "dev": true,
          "requires": {
            "delayed-stream": "~1.0.0"
          }
        },
        "concat-map": {
          "version": "0.0.1",
          "bundled": true,
          "dev": true
        },
        "console-control-strings": {
          "version": "1.1.0",
          "bundled": true,
          "dev": true
        },
        "core-util-is": {
          "version": "1.0.2",
          "bundled": true,
          "dev": true
        },
        "cryptiles": {
          "version": "2.0.5",
          "bundled": true,
          "dev": true,
          "requires": {
            "boom": "2.x.x"
          }
        },
        "dashdash": {
          "version": "1.14.1",
          "bundled": true,
          "dev": true,
          "requires": {
            "assert-plus": "^1.0.0"
          },
          "dependencies": {
            "assert-plus": {
              "version": "1.0.0",
              "bundled": true,
              "dev": true
            }
          }
        },
        "debug": {
          "version": "2.6.9",
          "bundled": true,
          "dev": true,
          "requires": {
            "ms": "2.0.0"
          }
        },
        "deep-extend": {
          "version": "0.4.2",
          "bundled": true,
          "dev": true
        },
        "delayed-stream": {
          "version": "1.0.0",
          "bundled": true,
          "dev": true
        },
        "delegates": {
          "version": "1.0.0",
          "bundled": true,
          "dev": true
        },
        "ecc-jsbn": {
          "version": "0.1.1",
          "bundled": true,
          "dev": true,
          "optional": true,
          "requires": {
            "jsbn": "~0.1.0"
          }
        },
        "extend": {
          "version": "3.0.1",
          "bundled": true,
          "dev": true
        },
        "extsprintf": {
          "version": "1.3.0",
          "bundled": true,
          "dev": true
        },
        "forever-agent": {
          "version": "0.6.1",
          "bundled": true,
          "dev": true
        },
        "form-data": {
          "version": "2.1.4",
          "bundled": true,
          "dev": true,
          "requires": {
            "asynckit": "^0.4.0",
            "combined-stream": "^1.0.5",
            "mime-types": "^2.1.12"
          }
        },
        "fs.realpath": {
          "version": "1.0.0",
          "bundled": true,
          "dev": true
        },
        "fstream": {
          "version": "1.0.11",
          "bundled": true,
          "dev": true,
          "requires": {
            "graceful-fs": "^4.1.2",
            "inherits": "~2.0.0",
            "mkdirp": ">=0.5 0",
            "rimraf": "2"
          }
        },
        "fstream-ignore": {
          "version": "1.0.5",
          "bundled": true,
          "dev": true,
          "requires": {
            "fstream": "^1.0.0",
            "inherits": "2",
            "minimatch": "^3.0.0"
          }
        },
        "gauge": {
          "version": "2.7.4",
          "bundled": true,
          "dev": true,
          "requires": {
            "aproba": "^1.0.3",
            "console-control-strings": "^1.0.0",
            "has-unicode": "^2.0.0",
            "object-assign": "^4.1.0",
            "signal-exit": "^3.0.0",
            "string-width": "^1.0.1",
            "strip-ansi": "^3.0.1",
            "wide-align": "^1.1.0"
          }
        },
        "getpass": {
          "version": "0.1.7",
          "bundled": true,
          "dev": true,
          "requires": {
            "assert-plus": "^1.0.0"
          },
          "dependencies": {
            "assert-plus": {
              "version": "1.0.0",
              "bundled": true,
              "dev": true
            }
          }
        },
        "glob": {
          "version": "7.1.2",
          "bundled": true,
          "dev": true,
          "requires": {
            "fs.realpath": "^1.0.0",
            "inflight": "^1.0.4",
            "inherits": "2",
            "minimatch": "^3.0.4",
            "once": "^1.3.0",
            "path-is-absolute": "^1.0.0"
          }
        },
        "graceful-fs": {
          "version": "4.1.11",
          "bundled": true,
          "dev": true
        },
        "har-schema": {
          "version": "1.0.5",
          "bundled": true,
          "dev": true
        },
        "har-validator": {
          "version": "4.2.1",
          "bundled": true,
          "dev": true,
          "requires": {
            "ajv": "^4.9.1",
            "har-schema": "^1.0.5"
          }
        },
        "has-unicode": {
          "version": "2.0.1",
          "bundled": true,
          "dev": true
        },
        "hawk": {
          "version": "3.1.3",
          "bundled": true,
          "dev": true,
          "requires": {
            "boom": "2.x.x",
            "cryptiles": "2.x.x",
            "hoek": "2.x.x",
            "sntp": "1.x.x"
          }
        },
        "hoek": {
          "version": "2.16.3",
          "bundled": true,
          "dev": true
        },
        "http-signature": {
          "version": "1.1.1",
          "bundled": true,
          "dev": true,
          "requires": {
            "assert-plus": "^0.2.0",
            "jsprim": "^1.2.2",
            "sshpk": "^1.7.0"
          }
        },
        "inflight": {
          "version": "1.0.6",
          "bundled": true,
          "dev": true,
          "requires": {
            "once": "^1.3.0",
            "wrappy": "1"
          }
        },
        "inherits": {
          "version": "2.0.3",
          "bundled": true,
          "dev": true
        },
        "ini": {
          "version": "1.3.4",
          "bundled": true,
          "dev": true
        },
        "is-fullwidth-code-point": {
          "version": "1.0.0",
          "bundled": true,
          "dev": true,
          "requires": {
            "number-is-nan": "^1.0.0"
          }
        },
        "is-typedarray": {
          "version": "1.0.0",
          "bundled": true,
          "dev": true
        },
        "isarray": {
          "version": "1.0.0",
          "bundled": true,
          "dev": true
        },
        "isstream": {
          "version": "0.1.2",
          "bundled": true,
          "dev": true
        },
        "jsbn": {
          "version": "0.1.1",
          "bundled": true,
          "dev": true,
          "optional": true
        },
        "json-schema": {
          "version": "0.2.3",
          "bundled": true,
          "dev": true
        },
        "json-stable-stringify": {
          "version": "1.0.1",
          "bundled": true,
          "dev": true,
          "requires": {
            "jsonify": "~0.0.0"
          }
        },
        "json-stringify-safe": {
          "version": "5.0.1",
          "bundled": true,
          "dev": true
        },
        "jsonify": {
          "version": "0.0.0",
          "bundled": true,
          "dev": true
        },
        "jsprim": {
          "version": "1.4.1",
          "bundled": true,
          "dev": true,
          "requires": {
            "assert-plus": "1.0.0",
            "extsprintf": "1.3.0",
            "json-schema": "0.2.3",
            "verror": "1.10.0"
          },
          "dependencies": {
            "assert-plus": {
              "version": "1.0.0",
              "bundled": true,
              "dev": true
            }
          }
        },
        "mime-db": {
          "version": "1.30.0",
          "bundled": true,
          "dev": true
        },
        "mime-types": {
          "version": "2.1.17",
          "bundled": true,
          "dev": true,
          "requires": {
            "mime-db": "~1.30.0"
          }
        },
        "minimatch": {
          "version": "3.0.4",
          "bundled": true,
          "dev": true,
          "requires": {
            "brace-expansion": "^1.1.7"
          }
        },
        "minimist": {
          "version": "0.0.8",
          "bundled": true,
          "dev": true
        },
        "mkdirp": {
          "version": "0.5.1",
          "bundled": true,
          "dev": true,
          "requires": {
            "minimist": "0.0.8"
          }
        },
        "ms": {
          "version": "2.0.0",
          "bundled": true,
          "dev": true
        },
        "node-pre-gyp": {
          "version": "0.6.38",
          "bundled": true,
          "dev": true,
          "requires": {
            "hawk": "3.1.3",
            "mkdirp": "^0.5.1",
            "nopt": "^4.0.1",
            "npmlog": "^4.0.2",
            "rc": "^1.1.7",
            "request": "2.81.0",
            "rimraf": "^2.6.1",
            "semver": "^5.3.0",
            "tar": "^2.2.1",
            "tar-pack": "^3.4.0"
          }
        },
        "nopt": {
          "version": "4.0.1",
          "bundled": true,
          "dev": true,
          "requires": {
            "abbrev": "1",
            "osenv": "^0.1.4"
          }
        },
        "npmlog": {
          "version": "4.1.2",
          "bundled": true,
          "dev": true,
          "requires": {
            "are-we-there-yet": "~1.1.2",
            "console-control-strings": "~1.1.0",
            "gauge": "~2.7.3",
            "set-blocking": "~2.0.0"
          }
        },
        "number-is-nan": {
          "version": "1.0.1",
          "bundled": true,
          "dev": true
        },
        "oauth-sign": {
          "version": "0.8.2",
          "bundled": true,
          "dev": true
        },
        "object-assign": {
          "version": "4.1.1",
          "bundled": true,
          "dev": true
        },
        "once": {
          "version": "1.4.0",
          "bundled": true,
          "dev": true,
          "requires": {
            "wrappy": "1"
          }
        },
        "os-homedir": {
          "version": "1.0.2",
          "bundled": true,
          "dev": true
        },
        "os-tmpdir": {
          "version": "1.0.2",
          "bundled": true,
          "dev": true
        },
        "osenv": {
          "version": "0.1.4",
          "bundled": true,
          "dev": true,
          "requires": {
            "os-homedir": "^1.0.0",
            "os-tmpdir": "^1.0.0"
          }
        },
        "path-is-absolute": {
          "version": "1.0.1",
          "bundled": true,
          "dev": true
        },
        "performance-now": {
          "version": "0.2.0",
          "bundled": true,
          "dev": true
        },
        "process-nextick-args": {
          "version": "1.0.7",
          "bundled": true,
          "dev": true
        },
        "punycode": {
          "version": "1.4.1",
          "bundled": true,
          "dev": true
        },
        "qs": {
          "version": "6.4.0",
          "bundled": true,
          "dev": true
        },
        "rc": {
          "version": "1.2.1",
          "bundled": true,
          "dev": true,
          "requires": {
            "deep-extend": "~0.4.0",
            "ini": "~1.3.0",
            "minimist": "^1.2.0",
            "strip-json-comments": "~2.0.1"
          },
          "dependencies": {
            "minimist": {
              "version": "1.2.0",
              "bundled": true,
              "dev": true
            }
          }
        },
        "readable-stream": {
          "version": "2.3.3",
          "bundled": true,
          "dev": true,
          "requires": {
            "core-util-is": "~1.0.0",
            "inherits": "~2.0.3",
            "isarray": "~1.0.0",
            "process-nextick-args": "~1.0.6",
            "safe-buffer": "~5.1.1",
            "string_decoder": "~1.0.3",
            "util-deprecate": "~1.0.1"
          }
        },
        "request": {
          "version": "2.81.0",
          "bundled": true,
          "dev": true,
          "requires": {
            "aws-sign2": "~0.6.0",
            "aws4": "^1.2.1",
            "caseless": "~0.12.0",
            "combined-stream": "~1.0.5",
            "extend": "~3.0.0",
            "forever-agent": "~0.6.1",
            "form-data": "~2.1.1",
            "har-validator": "~4.2.1",
            "hawk": "~3.1.3",
            "http-signature": "~1.1.0",
            "is-typedarray": "~1.0.0",
            "isstream": "~0.1.2",
            "json-stringify-safe": "~5.0.1",
            "mime-types": "~2.1.7",
            "oauth-sign": "~0.8.1",
            "performance-now": "^0.2.0",
            "qs": "~6.4.0",
            "safe-buffer": "^5.0.1",
            "stringstream": "~0.0.4",
            "tough-cookie": "~2.3.0",
            "tunnel-agent": "^0.6.0",
            "uuid": "^3.0.0"
          }
        },
        "rimraf": {
          "version": "2.6.2",
          "bundled": true,
          "dev": true,
          "requires": {
            "glob": "^7.0.5"
          }
        },
        "safe-buffer": {
          "version": "5.1.1",
          "bundled": true,
          "dev": true
        },
        "semver": {
          "version": "5.4.1",
          "bundled": true,
          "dev": true
        },
        "set-blocking": {
          "version": "2.0.0",
          "bundled": true,
          "dev": true
        },
        "signal-exit": {
          "version": "3.0.2",
          "bundled": true,
          "dev": true
        },
        "sntp": {
          "version": "1.0.9",
          "bundled": true,
          "dev": true,
          "requires": {
            "hoek": "2.x.x"
          }
        },
        "sshpk": {
          "version": "1.13.1",
          "bundled": true,
          "dev": true,
          "requires": {
            "asn1": "~0.2.3",
            "assert-plus": "^1.0.0",
            "bcrypt-pbkdf": "^1.0.0",
            "dashdash": "^1.12.0",
            "ecc-jsbn": "~0.1.1",
            "getpass": "^0.1.1",
            "jsbn": "~0.1.0",
            "tweetnacl": "~0.14.0"
          },
          "dependencies": {
            "assert-plus": {
              "version": "1.0.0",
              "bundled": true,
              "dev": true
            }
          }
        },
        "string-width": {
          "version": "1.0.2",
          "bundled": true,
          "dev": true,
          "requires": {
            "code-point-at": "^1.0.0",
            "is-fullwidth-code-point": "^1.0.0",
            "strip-ansi": "^3.0.0"
          }
        },
        "string_decoder": {
          "version": "1.0.3",
          "bundled": true,
          "dev": true,
          "requires": {
            "safe-buffer": "~5.1.0"
          }
        },
        "stringstream": {
          "version": "0.0.5",
          "bundled": true,
          "dev": true
        },
        "strip-ansi": {
          "version": "3.0.1",
          "bundled": true,
          "dev": true,
          "requires": {
            "ansi-regex": "^2.0.0"
          }
        },
        "strip-json-comments": {
          "version": "2.0.1",
          "bundled": true,
          "dev": true
        },
        "tar": {
          "version": "2.2.1",
          "bundled": true,
          "dev": true,
          "requires": {
            "block-stream": "*",
            "fstream": "^1.0.2",
            "inherits": "2"
          }
        },
        "tar-pack": {
          "version": "3.4.0",
          "bundled": true,
          "dev": true,
          "requires": {
            "debug": "^2.2.0",
            "fstream": "^1.0.10",
            "fstream-ignore": "^1.0.5",
            "once": "^1.3.3",
            "readable-stream": "^2.1.4",
            "rimraf": "^2.5.1",
            "tar": "^2.2.1",
            "uid-number": "^0.0.6"
          }
        },
        "tough-cookie": {
          "version": "2.3.3",
          "bundled": true,
          "dev": true,
          "requires": {
            "punycode": "^1.4.1"
          }
        },
        "tunnel-agent": {
          "version": "0.6.0",
          "bundled": true,
          "dev": true,
          "requires": {
            "safe-buffer": "^5.0.1"
          }
        },
        "tweetnacl": {
          "version": "0.14.5",
          "bundled": true,
          "dev": true,
          "optional": true
        },
        "uid-number": {
          "version": "0.0.6",
          "bundled": true,
          "dev": true
        },
        "util-deprecate": {
          "version": "1.0.2",
          "bundled": true,
          "dev": true
        },
        "uuid": {
          "version": "3.1.0",
          "bundled": true,
          "dev": true
        },
        "verror": {
          "version": "1.10.0",
          "bundled": true,
          "dev": true,
          "requires": {
            "assert-plus": "^1.0.0",
            "core-util-is": "1.0.2",
            "extsprintf": "^1.2.0"
          },
          "dependencies": {
            "assert-plus": {
              "version": "1.0.0",
              "bundled": true,
              "dev": true
            }
          }
        },
        "wide-align": {
          "version": "1.1.2",
          "bundled": true,
          "dev": true,
          "requires": {
            "string-width": "^1.0.2"
          }
        },
        "wrappy": {
          "version": "1.0.2",
          "bundled": true,
          "dev": true
        }
      }
    },
    "statuses": {
      "version": "1.3.1",
      "resolved": "https://registry.npmjs.org/statuses/-/statuses-1.3.1.tgz",
      "integrity": "sha1-+vUbnrdKrvOzrPStX2Gr8ky3uT4="
    },
    "terraformer": {
      "version": "1.0.9",
      "resolved": "https://registry.npmjs.org/terraformer/-/terraformer-1.0.9.tgz",
      "integrity": "sha512-YlmQ1fsMWTkKGDGibCRWgmLzrpDRUr63Q025LJ/taYQ6j1Yb8q9McKF7NBi6ACAyUXO6F/bl9w6v4MY307y5Ag==",
      "dev": true,
      "requires": {
        "@types/geojson": "^1.0.0"
      }
    },
    "terraformer-wkt-parser": {
      "version": "1.2.0",
      "resolved": "https://registry.npmjs.org/terraformer-wkt-parser/-/terraformer-wkt-parser-1.2.0.tgz",
      "integrity": "sha512-QU3iA54St5lF8Za1jg1oj4NYc8sn5tCZ08aNSWDeGzrsaV48eZk1iAVWasxhNspYBoCqdHuoot1pUTUrE1AJ4w==",
      "dev": true,
      "requires": {
        "@types/geojson": "^1.0.0",
        "terraformer": "~1.0.5"
      }
    },
    "toposort-class": {
      "version": "1.0.1",
      "resolved": "https://registry.npmjs.org/toposort-class/-/toposort-class-1.0.1.tgz",
      "integrity": "sha1-f/0feMi+KMO6Rc1OGj9e4ZO9mYg=",
      "dev": true
    },
    "type-is": {
      "version": "1.6.16",
      "resolved": "https://registry.npmjs.org/type-is/-/type-is-1.6.16.tgz",
      "integrity": "sha512-HRkVv/5qY2G6I8iab9cI7v1bOIdhm94dVjQCPFElW9W+3GeDOSHmy2EBYe4VTApuzolPcmgFTN3ftVJRKR2J9Q==",
      "requires": {
        "media-typer": "0.3.0",
        "mime-types": "~2.1.18"
      }
    },
    "unpipe": {
      "version": "1.0.0",
      "resolved": "https://registry.npmjs.org/unpipe/-/unpipe-1.0.0.tgz",
      "integrity": "sha1-sr9O6FFKrmFltIF4KdIbLvSZBOw="
    },
    "utils-merge": {
      "version": "1.0.0",
      "resolved": "https://registry.npmjs.org/utils-merge/-/utils-merge-1.0.0.tgz",
      "integrity": "sha1-ApT7kiu5N1FTVBxPcJYjHyh8ivg="
    },
    "uuid": {
      "version": "3.3.2",
      "resolved": "https://registry.npmjs.org/uuid/-/uuid-3.3.2.tgz",
      "integrity": "sha512-yXJmeNaw3DnnKAOKJE51sL/ZaYfWJRl1pK9dr19YFCu0ObS231AB1/LbqTKRAQ5kw8A90rA6fr4riOUpTZvQZA==",
      "dev": true
    },
    "validator": {
      "version": "10.8.0",
      "resolved": "https://registry.npmjs.org/validator/-/validator-10.8.0.tgz",
      "integrity": "sha512-mXqMxfCh5NLsVgYVKl9WvnHNDPCcbNppHSPPowu0VjtSsGWVY+z8hJF44edLR1nbLNzi3jYoYsIl8KZpioIk6g==",
      "dev": true
    },
    "vary": {
      "version": "1.1.2",
      "resolved": "https://registry.npmjs.org/vary/-/vary-1.1.2.tgz",
      "integrity": "sha1-IpnwLG3tMNSllhsLn3RSShj2NPw="
    },
    "wkx": {
      "version": "0.4.5",
      "resolved": "https://registry.npmjs.org/wkx/-/wkx-0.4.5.tgz",
      "integrity": "sha512-01dloEcJZAJabLO5XdcRgqdKpmnxS0zIT02LhkdWOZX2Zs2tPM6hlZ4XG9tWaWur1Qd1OO4kJxUbe2+5BofvnA==",
      "dev": true,
      "requires": {
        "@types/node": "*"
      }
    }
  }
}
